# THIS IS AN AUTOGENERATED FILE. DO NOT EDIT THIS FILE DIRECTLY.
# yarn lockfile v1


feature-a@1.2.0:
  version "1.2.0"
  resolved "https://registry.yarnpkg.com/feature-a/-/feature-a-1.2.0.tgz#aaa"
  integrity sha512-aaa
  dependencies:
    shared-core "2.5.1"

shared-core@2.5.1:
  version "2.5.1"
  resolved "https://registry.yarnpkg.com/shared-core/-/shared-core-2.5.1.tgz#bbb"
  integrity sha512-bbb
  dependencies:
    low-level-util "3.0.0"

low-level-util@3.0.0:
  version "3.0.0"
  resolved "https://registry.yarnpkg.com/low-level-util/-/low-level-util-3.0.0.tgz#ccc"
  integrity sha512-ccc
