{
  "name": "acme-worker",
  "version": "1.0.0",
  "lockfileVersion": 3,
  "requires": true,
  "packages": {
    "": {
      "name": "acme-worker",
      "version": "1.0.0",
      "dependencies": { "feature-b": "1.3.0" }
    },
    "node_modules/feature-b": {
      "version": "1.3.0",
      "resolved": "https://registry.npmjs.org/feature-b/-/feature-b-1.3.0.tgz",
      "integrity": "sha512-ddd",
      "dependencies": { "shared-core": "2.5.1" }
    },
    "node_modules/shared-core": {
      "version": "2.5.1",
      "resolved": "https://registry.npmjs.org/shared-core/-/shared-core-2.5.1.tgz",
      "integrity": "sha512-bbb",
      "dependencies": { "low-level-util": "3.0.0" }
    },
    "node_modules/low-level-util": {
      "version": "3.0.0",
      "resolved": "https://registry.npmjs.org/low-level-util/-/low-level-util-3.0.0.tgz",
      "integrity": "sha512-ccc"
    }
  }
}
